
Microsoft Visual Studio Solution File, Format Version 12.00
# Visual Studio Version 16
VisualStudioVersion = 16.0.29728.190
MinimumVisualStudioVersion = 10.0.40219.1
Project("{FAE04EC0-301F-11D3-BF4B-00C04F79EFBC}") = "Epsi.SuperCalculator.ConsoleApp", "Epsi.SuperCalculator.ConsoleApp\Epsi.SuperCalculator.ConsoleApp.csproj", "{B91C91D8-FB34-4ACC-A89A-33F876656F7D}"
EndProject
Project("{FAE04EC0-301F-11D3-BF4B-00C04F79EFBC}") = "UnitTestSuperCalculator", "UnitTestSuperCalculator\UnitTestSuperCalculator.csproj", "{B8AEFA4D-92B6-41DC-B65E-69B8CEC9C3B0}"
EndProject
Global
	GlobalSection(SolutionConfigurationPlatforms) = preSolution
		Debug|Any CPU = Debug|Any CPU
		Release|Any CPU = Release|Any CPU
	EndGlobalSection
	GlobalSection(ProjectConfigurationPlatforms) = postSolution
		{B91C91D8-FB34-4ACC-A89A-33F876656F7D}.Debug|Any CPU.ActiveCfg = Debug|Any CPU
		{B91C91D8-FB34-4ACC-A89A-33F876656F7D}.Debug|Any CPU.Build.0 = Debug|Any CPU
		{B91C91D8-FB34-4ACC-A89A-33F876656F7D}.Release|Any CPU.ActiveCfg = Release|Any CPU
		{B91C91D8-FB34-4ACC-A89A-33F876656F7D}.Release|Any CPU.Build.0 = Release|Any CPU
		{B8AEFA4D-92B6-41DC-B65E-69B8CEC9C3B0}.Debug|Any CPU.ActiveCfg = Debug|Any CPU
		{B8AEFA4D-92B6-41DC-B65E-69B8CEC9C3B0}.Debug|Any CPU.Build.0 = Debug|Any CPU
		{B8AEFA4D-92B6-41DC-B65E-69B8CEC9C3B0}.Release|Any CPU.ActiveCfg = Release|Any CPU
		{B8AEFA4D-92B6-41DC-B65E-69B8CEC9C3B0}.Release|Any CPU.Build.0 = Release|Any CPU
	EndGlobalSection
	GlobalSection(SolutionProperties) = preSolution
		HideSolutionNode = FALSE
	EndGlobalSection
	GlobalSection(ExtensibilityGlobals) = postSolution
		SolutionGuid = {9CF47C41-7155-4E9C-9058-04E3B26BA3FE}
	EndGlobalSection
EndGlobal
